version = 1
revision = 1
requires-python = ">=3.11"

[manifest]
version = "0.1.0"

[metadata]
requires-dist = [
    { name = "aiofiles", specifier = ">=25.1.0" },
    { name = "aiosqlite", specifier = ">=0.22.1" },
    { name = "alembic", specifier = ">=1.18.5" },
    { name = "anyio", specifier = ">=4.14.2" },
    { name = "apscheduler", specifier = ">=3.11.3" },
    { name = "asyncpg", specifier = ">=0.31.0" },
    { name = "cryptography", specifier = ">=49.0.0" },
    { name = "fastapi", specifier = ">=0.140.13" },
    { name = "ffmpeg-python", specifier = ">=0.2.0" },
    { name = "greenlet", specifier = ">=3.5.4" },
    { name = "httpx", specifier = ">=0.28.1" },
    { name = "jinja2", specifier = ">=3.1.6" },
    { name = "passlib", specifier = ">=1.7.4", extras = ["bcrypt"] },
    { name = "pillow", specifier = ">=12.3.0" },
    { name = "pydantic", specifier = ">=2.13.4" },
    { name = "pydantic-settings", specifier = ">=2.14.2" },
    { name = "python-jose", specifier = ">=3.5.0", extras = ["cryptography"] },
    { name = "python-multipart", specifier = ">=0.0.32" },
    { name = "pyyaml", specifier = ">=6.0.3" },
    { name = "sqlalchemy", specifier = ">=2.0.51", extras = ["asyncio"] },
    { name = "uvicorn", specifier = ">=0.51.0", extras = ["standard"] },
    { name = "websockets", specifier = ">=16.1.1" },
]

[[package]]
name = "aiofiles"
version = "25.1.0"
source = { registry = "https://pypi.org/simple" }
dependencies = [
    { name = "typing-extensions" },
]
sdist = { url = "https://files.pythonhosted.org/packages/5b/6c/6b2a4b44994ebfedfdcbccbf08f700411c028782c513e37307d730ad707b/aiofiles-25.1.0.tar.gz", hash = "sha256:1ea80e003a1ff508ac1421be4c20702884eaca9d3d13fb87fc92ee151b991b52" }
wheels = [
    { url = "https://files.pythonhosted.org/packages/86/30/0cb45db209d72dc019a8a653a3f05e3145537530c7e239ce9b0f8cd5c595/aiofiles-25.1.0-py3-none-any.whl", hash = "sha256:da27c7c126f11eb1e596cbe9cd5214d36bf15c0176236934d7165cfb2557de48" },
]

[[package]]
name = "aiosqlite"
version = "0.22.1"
source = { registry = "https://pypi.org/simple" }
dependencies = [
    { name = "typing-extensions" },
]
sdist = { url = "https://files.pythonhosted.org/packages/77/52/af6c54f0df3e6ed4ac4a9283f664551d5f20b76752bea24c57d0b543b3df/aiosqlite-0.22.1.tar.gz", hash = "sha256:4233a69a8fedaf8fb9b9fa30ed01f9498ab73200930cb0bf2c349b4537328d0e" }
wheels = [
    { url = "https://files.pythonhosted.org/packages/41/6f/61a45a81d8145e43f67a8d87879b1a56d30037705bef9b53a0fdfd8c6e6b/aiosqlite-0.22.1-py3-none-any.whl", hash = "sha256:fce0a6e9f175edf5775a02b56c2e3b9503541f80e4aef99908a5cd72c1f565e8" },
]

[[package]]
name = "alembic"
version = "1.18.5"
source = { registry = "https://pypi.org/simple" }
dependencies = [
    { name = "mako" },
    { name = "sqlalchemy" },
    { name = "typing-extensions" },
]
sdist = { url = "https://files.pythonhosted.org/packages/bf/7f/1346f64b6560ff4d8dd7c96518a8ed99efb6c8ce3ed30d9b102a4e20429b/alembic-1.18.5.tar.gz", hash = "sha256:7b0180e6ffa64b3949dcac5d939aec7cd73cfe6821da76c8645a65d4f4823d4b" }
wheels = [
    { url = "https://files.pythonhosted.org/packages/c0/8f/7ac80b3eb9b1ec2d09ce9a075b0874ff41bc470e74a5d8dc9764c9aa5467/alembic-1.18.5-py3-none-any.whl", hash = "sha256:6f85cef2ddd38eb3526f00cf5a2c3e21eabaa367da12e10f60c55e12115e949d" },
]

[[package]]
name = "annotated-doc"
version = "0.0.5"
source = { registry = "https://pypi.org/simple" }
sdist = { url = "https://files.pythonhosted.org/packages/a4/61/a4f9397c0a52048aa3a5739bf0fc21837361f9039000e59f988ed9d4f0d1/annotated_doc-0.0.5.tar.gz", hash = "sha256:be115275fda3b3211dc018a45b39c0152d922895fbcf6c381b14765193be1cb6" }
wheels = [
    { url = "https://files.pythonhosted.org/packages/e8/52/6feef1067a33bccecfb0b35280283ebba8648f6c9763bea6ddfd56876a61/annotated_doc-0.0.5-py3-none-any.whl", hash = "sha256:6db935bdd2859dbfa6b066bfa36cd6326a665b68975f7c1c8ef8cce1dd47d69c" },
]

[[package]]
name = "annotated-types"
version = "0.8.0"
source = { registry = "https://pypi.org/simple" }
sdist = { url = "https://files.pythonhosted.org/packages/93/c5/17f2c1de0e7de037f3e7ced0d11787c7127ef1c1d73f0c18be50b1ee24cc/annotated_types-0.8.0.tar.gz", hash = "sha256:9f3d6cd93b2682b5d317d9bf482b3d2f66c952883866e57c5b99b08e75468363" }
wheels = [
    { url = "https://files.pythonhosted.org/packages/0f/08/5296c63cdb35378e4d8a07cb0bca15ecb6a58cf531601a9845eea1783dde/annotated_types-0.8.0-py3-none-any.whl", hash = "sha256:a13b58cc109fed2d0c9f1a4b5bdafab20ea1cf46cd01ebc03bf5ba0af6c60d96" },
]

[[package]]
name = "anyio"
version = "4.14.2"
source = { registry = "https://pypi.org/simple" }
dependencies = [
    { name = "idna" },
    { name = "sniffio" },
    { name = "typing-extensions" },
]
sdist = { url = "https://files.pythonhosted.org/packages/3f/5c/4c4177aad8bc5c7a96523050ea2bf9bb472809415989dbb65fd63a325b38/anyio-4.14.2.tar.gz", hash = "sha256:1d7a0d0e7d4e4e9b04750ec73af18da4ce2eb2197d3405b7d4390c900c28c595" }
wheels = [
    { url = "https://files.pythonhosted.org/packages/83/fb/e85487e5fa395a138d9f6e9407f6b12e551ca11e8270860a199518b348fc/anyio-4.14.2-py3-none-any.whl", hash = "sha256:18ffaaad52245e5efe9df380c035d1b6cbfb7beb26c177577580dc687fc02889" },
]

[[package]]
name = "apscheduler"
version = "3.11.3"
source = { registry = "https://pypi.org/simple" }
dependencies = [
    { name = "tzlocal" },
]
sdist = { url = "https://files.pythonhosted.org/packages/b3/2a/134cfcb0e0c2911117657a0f528f0a2c0f9bb93b230bf809987c3693e86b/apscheduler-3.11.3.tar.gz", hash = "sha256:020fbd1d3c1e021ee9b6b2bde5d0d4ce12582092839f2c6829c39a5023733228" }
wheels = [
    { url = "https://files.pythonhosted.org/packages/db/82/eb6d70dd5082b5281f355cc009f2cc60a671ae0197cfee6cd4121536b11b/APScheduler-3.11.3-py3-none-any.whl", hash = "sha256:2bfe39f579b17a4514fa3a2d4d2725aa6ddc0fe1b2fa261f1aabec8956b45a79" },
]

[[package]]
name = "asyncpg"
version = "0.31.0"
source = { registry = "https://pypi.org/simple" }
sdist = { url = "https://files.pythonhosted.org/packages/a7/95/d6f5c8217038004473e3601a89e6b30522380c33a5079017e44bc9b2dd28/asyncpg-0.31.0.tar.gz", hash = "sha256:2d310d5e3ac6952a763ee9fb9c2901a9e3e6f02429417ad3e31dd7a491f160e5" }
wheels = [
    { url = "https://files.pythonhosted.org/packages/65/80/9cc9c112ed8f74a0458edede544b51590da2a2ef9f6c5c21315a7d03f0b2/asyncpg-0.31.0-cp311-cp311-macosx_10_9_x86_64.whl", hash = "sha256:6fa5a6c8643ccb6b4fdd4b588384fed1f485f8812180365bbacf504e6115801f" },
    { url = "https://files.pythonhosted.org/packages/44/9b/27dc166d236729e1acc060d9449c9b8158a77fe17948a9acbe1ececdcb79/asyncpg-0.31.0-cp311-cp311-macosx_11_0_arm64.whl", hash = "sha256:03219b9240b57e0846d1b8e7a2805aeed813a9d5610be1ce614ba3d7fe739f55" },
    { url = "https://files.pythonhosted.org/packages/2a/51/f3b01b56b36ae4e31a9d90c85b8a8893f212ac1aecb37911e218261a7db7/asyncpg-0.31.0-cp311-cp311-manylinux_2_17_aarch64.manylinux2014_aarch64.whl", hash = "sha256:e714abb7e53e6e2a2fbad4356373e71f8953e33d6f49fa7aa7a2043eab76d555" },
    { url = "https://files.pythonhosted.org/packages/1a/62/242238a135f687973acc7349acf59dd96eae093592bb48b2007ac8afdb6b/asyncpg-0.31.0-cp311-cp311-manylinux_2_17_x86_64.manylinux2014_x86_64.whl", hash = "sha256:e63614e98e24c78bf4f70d6a43c7c52df3f68c9a3d7d6421055461c95998ae71" },
    { url = "https://files.pythonhosted.org/packages/78/01/a65ccb3fd94cf7aeb10e775f58882d3eb5d9f111cfe8e75da04d0bdf2baf/asyncpg-0.31.0-cp311-cp311-win_amd64.whl", hash = "sha256:f99b49b7c52597ad9b8fba2c98567558b8ba15f270cdf42d24b4ce8856deccb9" },
]

[[package]]
name = "bcrypt"
version = "5.0.0"
source = { registry = "https://pypi.org/simple" }
sdist = { url = "https://files.pythonhosted.org/packages/18/50/12d6d1c18573a06b71c39da9f7834aad1aae7bbf09b2a2b7fd764f8d1911/bcrypt-5.0.0.tar.gz", hash = "sha256:05b965de5f00fb5d3137ea145fcc679a97d9eb188b1a8cd55608e326f4006071" }
wheels = [
    { url = "https://files.pythonhosted.org/packages/06/4c/c63cb7917a60389f1f1de7f77f143aa6a844a27e155d236dc9381d42f2b3/bcrypt-5.0.0-cp311-cp311-macosx_10_9_x86_64.whl", hash = "sha256:70ac60b7d32522621c5ae50ad215a621b444ed88b39b3a5792f5a0b9431c5bb5" },
    { url = "https://files.pythonhosted.org/packages/af/e2/83c3799c8d5894f6d55981ec2d710de683a7250cb21d8015fe07412e60e8/bcrypt-5.0.0-cp311-cp311-macosx_11_0_arm64.whl", hash = "sha256:9d13024f89ea9b3ecb68df66595afce1fca646de981e26117a6e0df91a8c597a" },
    { url = "https://files.pythonhosted.org/packages/56/d1/0d3c57d58d9db10ec188d278f8ff33fa63dccf9517fed620215150c50f78/bcrypt-5.0.0-cp311-cp311-manylinux_2_17_aarch64.manylinux2014_aarch64.whl", hash = "sha256:76f496aca9eb9c24ed3b8eb16e417676f0082fcee4ae0f19fb0f3240b2cd7bf3" },
    { url = "https://files.pythonhosted.org/packages/9f/f1/06cdbb7a79b89aa65113e04d79a1bc8d3789f5056aa6422ee37e535027a5/bcrypt-5.0.0-cp311-cp311-manylinux_2_17_x86_64.manylinux2014_x86_64.whl", hash = "sha256:f6ace46fad3daf5f80e6d831c5626ee947c293e5292f9afd25771a039c246453" },
    { url = "https://files.pythonhosted.org/packages/f4/d7/9878b88bf1eaaa4f9656e561bdfe534d53d8497b739047205d2bce47a63c/bcrypt-5.0.0-cp311-cp311-win_amd64.whl", hash = "sha256:bc0bd1fdee2e36b9acf6f29f0fcfc1e84d63ede7571f02d545d4633d0b39517b" },
]

[[package]]
name = "certifi"
version = "2026.7.22"
source = { registry = "https://pypi.org/simple" }
sdist = { url = "https://files.pythonhosted.org/packages/93/88/6d484f6b4ce57f48a7c32eacc4cdcc559f69940f900440be300b2a95a57b/certifi-2026.7.22.tar.gz", hash = "sha256:b79161348413f071ab39d447df8a04f03b5feb83aad41d50ddf08ea77a794bc6" }
wheels = [
    { url = "https://files.pythonhosted.org/packages/d2/ed/dd1c81498c8c1ee12a19967fd05eff2f1a1d25692c8cf1da89d94c2c35fa/certifi-2026.7.22-py3-none-any.whl", hash = "sha256:a2b21d9358ad98a116b9a261a897e57c1b486fa120e02aa3e54f8070fc0c6daf" },
]

[[package]]
name = "cffi"
version = "2.1.0"
source = { registry = "https://pypi.org/simple" }
dependencies = [
    { name = "pycparser" },
]
sdist = { url = "https://files.pythonhosted.org/packages/21/75/0ecc6f9b7f6d72fe8c3cda9c9a5f78da65325a10e5bdb8681f295ec517ac/cffi-2.1.0.tar.gz", hash = "sha256:2c1fd59f36d9420886ff9fa83cc3ab48f60c403470977b443cc4dfc5b15daeff" }
wheels = [
    { url = "https://files.pythonhosted.org/packages/8f/aa/6de7ab0c652a4726ed7a43409e66076a82315a0371a7d828b7f1e345e656/cffi-2.1.0-cp311-cp311-macosx_10_9_x86_64.whl", hash = "sha256:ac5ed7cbe8d83cc37f0cceb9ab9d737ccb3fc71d609d9c0aa3f0e32141851465" },
    { url = "https://files.pythonhosted.org/packages/bc/c5/1e36687ec6b23eb19d43505868898221d0352ca44bfa9be815a84d27e5b0/cffi-2.1.0-cp311-cp311-macosx_11_0_arm64.whl", hash = "sha256:5f5344d587fc5c3221b5243cd15831df47f61acdd27618f2a94a0b68fb457d9e" },
    { url = "https://files.pythonhosted.org/packages/9a/7d/a14b74f405447a1ab7f8d917e273c2c539ed35c7788354c01671513f09d8/cffi-2.1.0-cp311-cp311-manylinux_2_17_aarch64.manylinux2014_aarch64.whl", hash = "sha256:371b81db1bb83512fba12b9b1b28f3fcb8e4c8b2d332048064cdcded8f29df2d" },
    { url = "https://files.pythonhosted.org/packages/56/15/cfcd7f2ecbc8d96d46cbe6bfc76f7592c6c21c628b26fca3a18ecda845c7/cffi-2.1.0-cp311-cp311-manylinux_2_17_x86_64.manylinux2014_x86_64.whl", hash = "sha256:82d30ef7c2343d373561a0f8836d325ad1b46302460b94ba2685a3c27990a71d" },
    { url = "https://files.pythonhosted.org/packages/53/54/d680b65b55a5effea99d480ff992cd16719aee0487f0de86a1454e95a374/cffi-2.1.0-cp311-cp311-win_amd64.whl", hash = "sha256:e1d3d09a338e1564815af4b0c013a5b7099a98e6bb8c9de9d0c959d1895a87a4" },
]

[[package]]
name = "click"
version = "8.4.2"
source = { registry = "https://pypi.org/simple" }
dependencies = [
    { name = "colorama", marker = "sys_platform == 'win32'" },
]
sdist = { url = "https://files.pythonhosted.org/packages/96/8b/f956cd90e652fe3b8ab9b103109595595bf87a4fb81094aa8d354f4ca204/click-8.4.2.tar.gz", hash = "sha256:b8e0e2d0c0057716cd7ad68fd191d6a0b5af28d1a6f0a94c46a5f779e84a72c1" }
wheels = [
    { url = "https://files.pythonhosted.org/packages/db/dc/56a1a2b016d656ea57d13cb9535bff0577950c68093b056fa0c827f8f851/click-8.4.2-py3-none-any.whl", hash = "sha256:1d4b351c7406db9b7f761d8c3c5278236ed4930e01343b1d8446ec46fc6aaf9f" },
]

[[package]]
name = "colorama"
version = "0.4.6"
source = { registry = "https://pypi.org/simple" }
sdist = { url = "https://files.pythonhosted.org/packages/d8/53/6f443c9a4a8358a93a6792e2acffb9d9d5cb0a5cfd8802644b7b1c9a02e4/colorama-0.4.6.tar.gz", hash = "sha256:08695f5cb7ed6e0532a433726e4ae63a170caae35d10c5b3c286d8b16ba39e0c" }
wheels = [
    { url = "https://files.pythonhosted.org/packages/d1/d6/3965ed04c63042e047cb6a3e6ed1a63a35087b6a609aa3a15ed8ac56c221/colorama-0.4.6-py2.py3-none-any.whl", hash = "sha256:4f1d9991f5acc0ca119f9d443620b77f9d6b33703e51011c16baf57afb285fc6" },
]

[[package]]
name = "cryptography"
version = "49.0.0"
source = { registry = "https://pypi.org/simple" }
dependencies = [
    { name = "cffi" },
]
sdist = { url = "https://files.pythonhosted.org/packages/5b/07/2fef2ba6eb0765b1743d0de7f595e5a6ff457ca0623c27d6ca7c4e611004/cryptography-49.0.0.tar.gz", hash = "sha256:23ad9dedd7d8fc7a4a70b0f08b0fd86c53bdbb08164321fce5e11bd251569256" }
wheels = [
    { url = "https://files.pythonhosted.org/packages/12/53/1c4a70cc49910f6efe6d710283eb8cf815af4c0aec813bf41115ee6347e8/cryptography-49.0.0-cp311-cp311-macosx_10_9_x86_64.whl", hash = "sha256:48479488e53565f31ffbb90717bf8df3aa35ac7c40e3e4cced1cbc2a737e29bf" },
    { url = "https://files.pythonhosted.org/packages/6c/f9/4a620088230f2b3dc5725ccc31c33aabec3772a1cf9b0a94923f7e6a2b0b/cryptography-49.0.0-cp311-cp311-macosx_11_0_arm64.whl", hash = "sha256:a972fc7a2a62b9b7e2cffd5c0032045392674c58c9dbe67eb98b0c43d9fbf878" },
    { url = "https://files.pythonhosted.org/packages/79/0d/b16bb86d57279ba99a28b8ca2fd565406a15b9d9e946c4c297c3ca054d27/cryptography-49.0.0-cp311-cp311-manylinux_2_17_aarch64.manylinux2014_aarch64.whl", hash = "sha256:35dda143b6d655d68ffbfcecd7cb69802814159598737a75ea7f355755cd1bdc" },
    { url = "https://files.pythonhosted.org/packages/ea/d6/f8a68359cb7cb30e250af9813cb630882bb620cc60ef3d8d25249464247a/cryptography-49.0.0-cp311-cp311-manylinux_2_17_x86_64.manylinux2014_x86_64.whl", hash = "sha256:668c7de292b9d60a8321293e8d63f5bcb3993c6a87005bbb8a54ac95af16dd0e" },
    { url = "https://files.pythonhosted.org/packages/07/6c/78b538512db12c7464ac7cd81e715428296b65edfca71d78b3988e31442f/cryptography-49.0.0-cp311-cp311-win_amd64.whl", hash = "sha256:851202591afde2039883438f8cf0858ad9ad6ad82c364ef3d0fa06ebbc0c958a" },
]

[[package]]
name = "ecdsa"
version = "0.19.2"
source = { registry = "https://pypi.org/simple" }
dependencies = [
    { name = "six" },
]
sdist = { url = "https://files.pythonhosted.org/packages/5b/4e/b52ea74006df10fbd6b59a553eb16ffb2df5068f55a4c21594c8e87402b6/ecdsa-0.19.2.tar.gz", hash = "sha256:f4f012c1d8d8c6563da4c04b9565a17c1b404b75f115b51dce0d11a66ed2eab2" }
wheels = [
    { url = "https://files.pythonhosted.org/packages/18/3f/d7dca90c1e72fa80c65c0edab62c5ac6a017bd7858f77cd241c18751dddd/ecdsa-0.19.2-py2.py3-none-any.whl", hash = "sha256:9bc3ecb8490c99d664c6fea63e6207cb7cbc3d2ed5dd35ca78558a15b8bc9ede" },
]

[[package]]
name = "fastapi"
version = "0.140.13"
source = { registry = "https://pypi.org/simple" }
dependencies = [
    { name = "pydantic" },
    { name = "starlette" },
    { name = "typing-extensions" },
]
sdist = { url = "https://files.pythonhosted.org/packages/83/69/cd680cbbbc51ad1deae04d33694aedb6e5f7bc6c7d0a90842a879e98df16/fastapi-0.140.13.tar.gz", hash = "sha256:7000c1f14b07a380b7688a206f79516b687f5bc85a71a73e69d89d4df1493caf" }
wheels = [
    { url = "https://files.pythonhosted.org/packages/bd/36/025028abb9ada2adffb5b6ff6cf803b6b622dda810de5fd7e1790e88b8b81/fastapi-0.140.13-py3-none-any.whl", hash = "sha256:dc1ebfef01c37a30fb134fbdd5590ac631794f813d884064256fd680d1a98423" },
]

[[package]]
name = "ffmpeg-python"
version = "0.2.0"
source = { registry = "https://pypi.org/simple" }
dependencies = [
    { name = "future" },
]
sdist = { url = "https://files.pythonhosted.org/packages/35/ae/8fa846645c383095ae54c6c94a3a8171df9ef2a78da4575c2815941b2297/ffmpeg-python-0.2.0.tar.gz", hash = "sha256:65225db34627c578ef0e11c8b1eb528bb35e024752f6f10b78c011f8f64b412a" }
wheels = [
    { url = "https://files.pythonhosted.org/packages/37/9b/4e978f66968569cb9da15007e3bf86f7b55d49e49b61521b4211cb7ab34e/ffmpeg_python-0.2.0-py3-none-any.whl", hash = "sha256:ac441a08159c3d767cd96436ebc6a20cc54be1eea58747e504132fe91ee26bc3" },
]

[[package]]
name = "future"
version = "1.0.0"
source = { registry = "https://pypi.org/simple" }
sdist = { url = "https://files.pythonhosted.org/packages/a7/b2/4140c69a6f6e76c8a3b37f3cac6b4bbf20acf68dfafd5c30e6f4e3bf1d0d/future-1.0.0.tar.gz", hash = "sha256:bd2968309307861edae1458a4f8a4f3598c03be43b97521076aebf5d94c07b05" }
wheels = [
    { url = "https://files.pythonhosted.org/packages/6b/76/a50e0d49c08463aae2fdcda724154ceaf4a91f6b4cc1d33c762c5565ca98/future-1.0.0-py3-none-any.whl", hash = "sha256:1fe6cac553487cfb0185ba642cb6d6f63a1dfe69709b08669f131e3feb4b64e0" },
]

[[package]]
name = "greenlet"
version = "3.5.4"
source = { registry = "https://pypi.org/simple" }
sdist = { url = "https://files.pythonhosted.org/packages/4d/9c/6cb2d2820091f9c30073200820cb14c295c8420563d7b2ef89f781e81ebc/greenlet-3.5.4.tar.gz", hash = "sha256:4b1e934314cd27c4a39c6c21c2a9f3d80b4f4f2bb866d2c8061f85f346269ba9" }
wheels = [
    { url = "https://files.pythonhosted.org/packages/7f/59/7f0f9cc6c934ef3513f1853d4ddab60fd34e6ad7fc7c78a520ba26a3ec76/greenlet-3.5.4-cp311-cp311-macosx_10_9_x86_64.whl", hash = "sha256:6c35a253e05fe947ac882d7d74b1d8c2544cc9e91be4fa525bc8d87b805374c0" },
    { url = "https://files.pythonhosted.org/packages/f6/dc/8e56783f2c5948328df304cf2f3d088fd5ff4cd7f88a1b6f4a00485a8f89/greenlet-3.5.4-cp311-cp311-macosx_11_0_arm64.whl", hash = "sha256:01fcfe2c8cb3db1a757e05a38a00acb6de795be6be10a70aed235eb78524919f" },
    { url = "https://files.pythonhosted.org/packages/05/36/f9980f234ddbfcee3fb8804179106f029e835b526a5f9f09f9cb2dcb9cbf/greenlet-3.5.4-cp311-cp311-manylinux_2_17_aarch64.manylinux2014_aarch64.whl", hash = "sha256:902576c8ee7eab304aa44ecc75fa1a825f0f1c5b64c60a95ea1fc882593dd1c6" },
    { url = "https://files.pythonhosted.org/packages/b0/a9/1e44effb6aac778a899219f76f6f49dfc24b3b51373ae9e4cf1060d5993e/greenlet-3.5.4-cp311-cp311-manylinux_2_17_x86_64.manylinux2014_x86_64.whl", hash = "sha256:509a52e17fc34ee277fd8460a97b1443cf21814f9b9d6f55c70b6fe29ca29140" },
    { url = "https://files.pythonhosted.org/packages/38/18/5429a3c501028fd839a7e69d3ac06ad7d510a0058ba2e37a9332f84a0f0d/greenlet-3.5.4-cp311-cp311-win_amd64.whl", hash = "sha256:8d4309c1f5a3513da9d690ad2128005820ad92e5a77c133ca04b8688e59b600b" },
]

[[package]]
name = "h11"
version = "0.16.0"
source = { registry = "https://pypi.org/simple" }
sdist = { url = "https://files.pythonhosted.org/packages/10/9a/1481d178f0091d2af8c5bc7a4767cfa80d27990c774bd22cc4f85f0b0430/h11-0.16.0.tar.gz", hash = "sha256:0244e1adf60194a838f4cd8f5f1558cd7fa7a7790506a3c751698ee47ebd907f" }
wheels = [
    { url = "https://files.pythonhosted.org/packages/18/8c/5473b48598f14d45c27758ddde0f2f7458d87ccc93e7f6bd3ba5253fe57c/h11-0.16.0-py3-none-any.whl", hash = "sha256:9b2a4eb516f45861a9ae1566bf65ae338b64f63293963278cb44f2c3c6f75928" },
]

[[package]]
name = "httpcore"
version = "1.0.9"
source = { registry = "https://pypi.org/simple" }
dependencies = [
    { name = "certifi" },
    { name = "h11" },
]
sdist = { url = "https://files.pythonhosted.org/packages/8d/c6/6b5b0a60973f61055cbbae05305cdcd77202aa7017472b29198f43229b66/httpcore-1.0.9.tar.gz", hash = "sha256:5ef0150199053ef008e53c8b758e91b2ba595a9680f44bbd85d6014d22b91856" }
wheels = [
    { url = "https://files.pythonhosted.org/packages/b2/11/a2c86e03facb7a1b71cdb0a0eb86bc695db47b075868db7fe103fefdd266/httpcore-1.0.9-py3-none-any.whl", hash = "sha256:cb48dbdb4d5e9ea6376b418cf7d553c97c756cf1e0147eb1f8039c0b07e03eb3" },
]

[[package]]
name = "httptools"
version = "0.8.0"
source = { registry = "https://pypi.org/simple" }
sdist = { url = "https://files.pythonhosted.org/packages/fa/a3/0d60cb7f5a62278c152a034cfc4ca8ac77880a6dc048f032ea0452f5053b/httptools-0.8.0.tar.gz", hash = "sha256:6cc95e78d4b6cb701bcf4c3611b0f9e223da3b93dee3d36506199be2fc166b2e" }
wheels = [
    { url = "https://files.pythonhosted.org/packages/aa/d1/66c3c8f0601f928dd76d79c9491efa5c5cfc2c9f57af915bf041aa5f0c48/httptools-0.8.0-cp311-cp311-macosx_10_9_x86_64.whl", hash = "sha256:f15d8d342d5e0f5a8eb45531cbf59598d7bbfcf1d6b1123e38a6dd9cd89f1955" },
    { url = "https://files.pythonhosted.org/packages/96/99/ef94aa231ad73330c95742aef7a20395926eae97319ce87af0ebfa2ae5ac/httptools-0.8.0-cp311-cp311-macosx_11_0_arm64.whl", hash = "sha256:c652d1f52edf5a231c55707330af48901df09e63110b55b6fcc2f3cb38475048" },
    { url = "https://files.pythonhosted.org/packages/4d/82/0aec8567f67384f077286d2c4ef2db596e09de5c9513f703cf93d59ff6db/httptools-0.8.0-cp311-cp311-manylinux_2_17_x86_64.manylinux2014_x86_64.whl", hash = "sha256:8f57886ed010ed4815aa3bb7a6ffd43a2a83d493da3c1326e7b0a918e681f720" },
    { url = "https://files.pythonhosted.org/packages/bf/a3/2d61a0da750c65e248b76d3156a5ae59162533fe948a945dfe35e86b8c53/httptools-0.8.0-cp311-cp311-win_amd64.whl", hash = "sha256:9f2b1e46cd4c2743b86ccbca7a37fa516246bb52e88c09c61cf7cedaf468f371" },
]

[[package]]
name = "httpx"
version = "0.28.1"
source = { registry = "https://pypi.org/simple" }
dependencies = [
    { name = "anyio" },
    { name = "certifi" },
    { name = "httpcore" },
    { name = "idna" },
]
sdist = { url = "https://files.pythonhosted.org/packages/db/0a/38d88c724a380bb1be462ae98498797a3e42edb1d57edb0a12da9fcfe879/httpx-0.28.1.tar.gz", hash = "sha256:75e98c5f16b0f35b567856f597f06ff2270a374470a5c239224ad8cabd9444af" }
wheels = [
    { url = "https://files.pythonhosted.org/packages/55/03/1badf5076ea07db0ddc2dd23440383fb7f7db72c33624e8eaa803d6beb70/httpx-0.28.1-py3-none-any.whl", hash = "sha256:d2fcf76286b9f0e4329939d40b8cbfee4f96b9aef08673670971c0c528461393" },
]

[[package]]
name = "idna"
version = "3.18"
source = { registry = "https://pypi.org/simple" }
sdist = { url = "https://files.pythonhosted.org/packages/0a/5a/6093c97459695543d394403be1c1147ffa1ff1b60bb39b1f5fd16f6c245c/idna-3.18.tar.gz", hash = "sha256:afe82cd77ed8759402a85e8e8ab1b91263d9225cd36cfa2b0d8d6a7e3bb85629" }
wheels = [
    { url = "https://files.pythonhosted.org/packages/0b/63/34cfc4f01bf06e46410f9b79f18f8a856d3f57c3eb7577e61f283cf7420e/idna-3.18-py3-none-any.whl", hash = "sha256:538dc8ee03c9a6ac083e6a39c0c834a73b69c924ae5e6244496c751aceb6dcc9" },
]

[[package]]
name = "jinja2"
version = "3.1.6"
source = { registry = "https://pypi.org/simple" }
dependencies = [
    { name = "markupsafe" },
]
sdist = { url = "https://files.pythonhosted.org/packages/af/92/3130eb3ab69fe8a61ba23cf2c9278509d14a8f66acdff8b2fae64d295773/jinja2-3.1.6.tar.gz", hash = "sha256:d64e56db7b701e177208b1391d431f569ddac2bb5777cd152802c93f4eabfcf4" }
wheels = [
    { url = "https://files.pythonhosted.org/packages/6b/0b/8e124b8a9f28a684a42b52f46de1fa368de86cd91c1a44f069317a2843b4/jinja2-3.1.6-py3-none-any.whl", hash = "sha256:85ecee4f3fe78621f42fc8ca57cf61dfec65e8fb37daaed34e68fc87e16993e3" },
]

[[package]]
name = "mako"
version = "1.3.12"
source = { registry = "https://pypi.org/simple" }
dependencies = [
    { name = "markupsafe" },
]
sdist = { url = "https://files.pythonhosted.org/packages/ed/d7/af62014f72a4caf1a74fc79ef0fbc519ec179b64590961ac3f3c87c77255/Mako-1.3.12.tar.gz", hash = "sha256:05721dce6f7ba7e52a969b596b36b22e7a72f281fa0b8ce82fd1c00148a019b3" }
wheels = [
    { url = "https://files.pythonhosted.org/packages/90/71/793c0dd54c992c4a5262de4cc291fcfc5a91c2e493da337c9cef19261d27/Mako-1.3.12-py3-none-any.whl", hash = "sha256:09edd5f616bd00c4c3018fe3b6b1ff6de3d46bd524c71b30939dddb087c50b68" },
]

[[package]]
name = "markupsafe"
version = "3.0.3"
source = { registry = "https://pypi.org/simple" }
sdist = { url = "https://files.pythonhosted.org/packages/4a/49/d37beb186ae2e396703b317528f2c01344ad07cf79ac6c95fb93daf0a7ca/markupsafe-3.0.3.tar.gz", hash = "sha256:2f91a8e0eb76217aa9a1ddaec5edea40569b7a36628f05a0c1b3d1ab28485ff9" }
wheels = [
    { url = "https://files.pythonhosted.org/packages/01/81/93a9a5d4067326f88904f53c465bc6f2c755ac75085fbdc7b288758001f7/markupsafe-3.0.3-cp311-cp311-macosx_10_9_x86_64.whl", hash = "sha256:f7a93d3bad87006b5da769b19d188a7f9ab7d059cf551df3912359b6e5741a99" },
    { url = "https://files.pythonhosted.org/packages/f7/87/3f22fdf93c921ea3553a59e2ef24e1e489d88ecff81b389dbfc9ab2df5c7/markupsafe-3.0.3-cp311-cp311-macosx_11_0_arm64.whl", hash = "sha256:14ae2e5ebde4012ec76254b6726326b2a026081b60923fe9c2c5f95fb2ce61fd" },
    { url = "https://files.pythonhosted.org/packages/f2/6f/01529d147159c0c643a8ebdd15caa9f02c231ccecba278a1c4d30688c575/markupsafe-3.0.3-cp311-cp311-manylinux_2_17_aarch64.manylinux2014_aarch64.whl", hash = "sha256:c153b8d9f86cfc97f1c2e75c75386c8d3795720c3cd0d405ebbb684be265645e" },
    { url = "https://files.pythonhosted.org/packages/53/1b/af6204a299f6e9b4a3a64c5aa3bf6ed9a633c9d4134392bfaedb31fbe8ad/markupsafe-3.0.3-cp311-cp311-manylinux_2_17_x86_64.manylinux2014_x86_64.whl", hash = "sha256:95abd1ff3b0eacf0a153deb82b1c056ec82653f873c4fb4b5f7c35b997f96d61" },
    { url = "https://files.pythonhosted.org/packages/49/cd/c87e236d0ed12bca3e5f7b5b6d2acc6f6e65b509e31a59f03238b7e023f9/markupsafe-3.0.3-cp311-cp311-win_amd64.whl", hash = "sha256:204b89a02a987f2b00a1c720f4c5c46713befbb797e3fb825918c5455e1f1d22" },
]

[[package]]
name = "passlib"
version = "1.7.4"
source = { registry = "https://pypi.org/simple" }
dependencies = [
    { name = "bcrypt", optional = true, marker = "extra == 'bcrypt'" },
]
sdist = { url = "https://files.pythonhosted.org/packages/2d/25/6d77305d40d6f01473e8a162b6b8effb55262f0b9633bc5e89e74c3f79ab/passlib-1.7.4.tar.gz", hash = "sha256:defd50f72b65c5402ab2c573830a6978e5f202ad0d984793c8dde2c4152ebe04" }
wheels = [
    { url = "https://files.pythonhosted.org/packages/5c/96/fcf05fc5100d9c0403b7a50c714a482a8e8ee3731d38fc943a5b52181842/passlib-1.7.4-py2.py3-none-any.whl", hash = "sha256:aa6bca462b8d8bda89c70b382f0c298a20b5560af6cbfa2dce410c0a2fb669f1" },
]

[[package]]
name = "pillow"
version = "12.3.0"
source = { registry = "https://pypi.org/simple" }
sdist = { url = "https://files.pythonhosted.org/packages/96/8a/ddaa810e9c0a5aee0713c7c85829201cf6c18d4e0a08d0f156e105274f5b/pillow-12.3.0.tar.gz", hash = "sha256:332f405379f2c0b6e1282bb9af0115cb789382a2a2d17da13f571891a2a70489" }
wheels = [
    { url = "https://files.pythonhosted.org/packages/07/64/fac60e3062d850b6f6f50d722522ac04194a3c8627c0cc2728d281f55a23/pillow-12.3.0-cp311-cp311-macosx_10_9_x86_64.whl", hash = "sha256:b46211584ba10799525ff0d25c84659a1681c3e6c652c6f9a17fd9e669443288" },
    { url = "https://files.pythonhosted.org/packages/d9/03/f2f429be43beaf5ac76f11839de2d8b9eaa22f34602873903b9dee9e8df8/pillow-12.3.0-cp311-cp311-macosx_11_0_arm64.whl", hash = "sha256:2cbeed9b3f335870a4bd8b2a47b34e548613edb5e18da5ac6c868ea01a37d431" },
    { url = "https://files.pythonhosted.org/packages/2c/26/9965dfb415ca5c122fa28fedc234a6c13615690f4f736f53c94d9ca793df/pillow-12.3.0-cp311-cp311-manylinux_2_17_aarch64.manylinux2014_aarch64.whl", hash = "sha256:8415bccd217085a037cf2a99ab2074ed1ed7cda3df27cb38931b85f9210d8df5" },
    { url = "https://files.pythonhosted.org/packages/5f/a4/f5575adb67ab45fad60ef8a6f127336cfcb8f0b0bf6a0bac218b6f97f7bd/pillow-12.3.0-cp311-cp311-manylinux_2_17_x86_64.manylinux2014_x86_64.whl", hash = "sha256:1e57004f84adbbdda2655c393fe64fb20b9e488035a6e3827b55e1a1c6c80012" },
    { url = "https://files.pythonhosted.org/packages/0c/9d/96b39fe8c8a42eef41a7c5bd770d956e966588617a2ace05cb34e5a6372e/pillow-12.3.0-cp311-cp311-win_amd64.whl", hash = "sha256:8360979e7cf4c7c3d6e1559bd9c1cc3543b25b08f270613cedf34ea721c9e32f" },
]

[[package]]
name = "pyasn1"
version = "0.6.4"
source = { registry = "https://pypi.org/simple" }
sdist = { url = "https://files.pythonhosted.org/packages/09/4d/0d6879d7628e59f34deeea6f6ec3aa7e57e9b92c3b2c2cf965172fe2a493/pyasn1-0.6.4.tar.gz", hash = "sha256:3e10a92db60a69ae5bd34eac1ac83e37def39a3ecbb7b71ab57a1d4fa2a46685" }
wheels = [
    { url = "https://files.pythonhosted.org/packages/e5/50/5d4c3b2f296a01f3a29119a65a5250eb860b5546746dcf3807e92c7159c8/pyasn1-0.6.4-py3-none-any.whl", hash = "sha256:560b4a8b8ad234e71d1a97599c8e290b5e94c87735997820289c0c1989ccb00d" },
]

[[package]]
name = "pycparser"
version = "3.0"
source = { registry = "https://pypi.org/simple" }
sdist = { url = "https://files.pythonhosted.org/packages/9e/63/7b532beae6b3139ad56c9bbcd5ae1472960ddfe55fcb1a4f4d8891f9e1f0/pycparser-3.0.tar.gz", hash = "sha256:1b6e2b0dd9fbaf09ea712688c4fcb118413e192d3b241992083ecc56c4bc09cc" }
wheels = [
    { url = "https://files.pythonhosted.org/packages/be/7f/9bbd8d5572611a19718b1c37d4d8b14c88d0d7b2ea42807819a74673d950/pycparser-3.0-py3-none-any.whl", hash = "sha256:7c08b3dd5d75bd1d1df92f2411bd12a9f18870e2a9a6af6d9c4b42096544619f" },
]

[[package]]
name = "pydantic"
version = "2.13.4"
source = { registry = "https://pypi.org/simple" }
dependencies = [
    { name = "annotated-types" },
    { name = "pydantic-core" },
    { name = "typing-extensions" },
]
sdist = { url = "https://files.pythonhosted.org/packages/f7/c1/4bf1b794c3d751cdfab75e0e5c26f0a72a6d33c26a6c05bb366d280f702d/pydantic-2.13.4.tar.gz", hash = "sha256:57a6fcc8af33d7a98b8270a8baa79c20a0d37693973bb1ef09cc40fe3cd588b8" }
wheels = [
    { url = "https://files.pythonhosted.org/packages/5a/29/7719b1cb8de35ddcdb342d93e183862d5beac580a16b4fed7a92e638a69a/pydantic-2.13.4-py3-none-any.whl", hash = "sha256:fcfb8996e1985cfb4dbd6d0b0e2e6ea2addd01bdb8365cf7dbdb53b9c5c716e3" },
]

[[package]]
name = "pydantic-core"
version = "2.46.4"
source = { registry = "https://pypi.org/simple" }
dependencies = [
    { name = "typing-extensions" },
]
sdist = { url = "https://files.pythonhosted.org/packages/13/02/d4c675cb89bb6dcaf0d1d7f09e0886ceaa1e018b54d1cb883670da3577da/pydantic_core-2.46.4.tar.gz", hash = "sha256:e0efb15d1e4e2d1c99d6f763dd53fa87adfecc12971f381802173805ec16207e" }
wheels = [
    { url = "https://files.pythonhosted.org/packages/a9/7f/24dcabf3461b9468b266144380c3b152915b99362084fcab2fb4ebbe5721/pydantic_core-2.46.4-cp311-cp311-macosx_10_9_x86_64.whl", hash = "sha256:e0b72252f271da5c4d7b85970082318a0d61037bc288c80f23fba51c8b200858" },
    { url = "https://files.pythonhosted.org/packages/3b/e7/dc506985f425c92e89d80fa789df06749f284a2461693f0fd31f09e177c1/pydantic_core-2.46.4-cp311-cp311-macosx_11_0_arm64.whl", hash = "sha256:19765ea96742de5d8af1efd6934181b2e43135cf0c90a3ed3c5789b5340b53b1" },
    { url = "https://files.pythonhosted.org/packages/c9/26/95e064726e7df5bdb1afee87def5613378b12d1223dd07aad3e793c9ff4d/pydantic_core-2.46.4-cp311-cp311-manylinux_2_17_aarch64.manylinux2014_aarch64.whl", hash = "sha256:00df42a595df07c84589be9575d94cc171f87ac6446906fc1a20e14fa1458262" },
    { url = "https://files.pythonhosted.org/packages/b1/fe/d79bdafe14da90d63d38ad15ecdf5835892d7077c302cd6a8fde17362252/pydantic_core-2.46.4-cp311-cp311-manylinux_2_17_x86_64.manylinux2014_x86_64.whl", hash = "sha256:c8e4bdd211f21c99ff33fcc23d5547946bf3bb292581cbd58a3f4cae80d0af3a" },
    { url = "https://files.pythonhosted.org/packages/e9/d7/ad6aa21aa4bf1d14755a67e8773f6e18255f66f146a656d193d0b16b281a/pydantic_core-2.46.4-cp311-cp311-win_amd64.whl", hash = "sha256:bd834b4c449265dba1e91d4c510f3b5b499cf7c9365f994493ed2d7dc5fad810" },
]

[[package]]
name = "pydantic-settings"
version = "2.14.2"
source = { registry = "https://pypi.org/simple" }
dependencies = [
    { name = "pydantic" },
    { name = "python-dotenv" },
]
sdist = { url = "https://files.pythonhosted.org/packages/62/42/8a63b017e2c18340c0fc1054c548f5c0ceff107bb1983142290c3f427072/pydantic_settings-2.14.2.tar.gz", hash = "sha256:68d575571bc00d0c6103e6bfa774a8d415662a2042ee9bdf79de1a5bbc8a123d" }
wheels = [
    { url = "https://files.pythonhosted.org/packages/63/f3/7c4c25c0d6d5594dcb84baedd556a0d5235c49ffd091de5ce54b07e60fa3/pydantic_settings-2.14.2-py3-none-any.whl", hash = "sha256:7c22df7982527b20cd7b7a9dd0d25b606ef56daf0a753352b9586b1333ecc9bc" },
]

[[package]]
name = "python-dotenv"
version = "1.2.3"
source = { registry = "https://pypi.org/simple" }
sdist = { url = "https://files.pythonhosted.org/packages/4f/7c/7c7d141eb0d929ab5f14d0c96c113f9f27e2046f05b4f75383fa0835ee22/python_dotenv-1.2.3.tar.gz", hash = "sha256:0b40f22d1964167c6b13f3b5b37a800613e0393a6f51dd0f90c6f68289c5c2ab" }
wheels = [
    { url = "https://files.pythonhosted.org/packages/22/4f/54ccb0709037a97188e96c38a16e9e6719ff213cfb8bf24bcc862b67c1f2/python_dotenv-1.2.3-py3-none-any.whl", hash = "sha256:8e34aa87bcc64ceb9b1242545a8cbe7ce3ab0c1c01c706d17a788dd967294a06" },
]

[[package]]
name = "python-jose"
version = "3.5.0"
source = { registry = "https://pypi.org/simple" }
dependencies = [
    { name = "ecdsa" },
    { name = "pyasn1" },
    { name = "rsa" },
]
sdist = { url = "https://files.pythonhosted.org/packages/2c/54/59cb133f04be008dc6e2ea0178a2f945ea4585969c07bb77f64648d79290/python-jose-3.5.0.tar.gz", hash = "sha256:04feab37cd879971e83ab1487fec9c855dc21b0b2495802edbb6b541a590d455" }
wheels = [
    { url = "https://files.pythonhosted.org/packages/d8/77/eab9bf91b86be91b95a14b84f9072f1b70c36ce120389b2ce4f0308c7a31/python_jose-3.5.0-py2.py3-none-any.whl", hash = "sha256:2b01460f349eb565ed44d1c504b175bfe86664dfdcb1cde6843cf9e3c47f452c" },
]

[[package]]
name = "python-multipart"
version = "0.0.32"
source = { registry = "https://pypi.org/simple" }
sdist = { url = "https://files.pythonhosted.org/packages/77/63/8b2fd885fa991a705fe76d26a3befc944dde476ad897e8bbbe1df9f3451f/python_multipart-0.0.32.tar.gz", hash = "sha256:1b4863959fea9ba3f8a61e5b94c495a58aec2f646e510a17d23af9a7ae850a18" }
wheels = [
    { url = "https://files.pythonhosted.org/packages/47/6e/7c0a3f582804031cc8e02df81f0186ebd165bd23c5c22eb69cb24888aaf2/python_multipart-0.0.32-py3-none-any.whl", hash = "sha256:5fafd6f252d7c24f80987bd12d7be7107b5f5243b78963df231c32be43155c54" },
]

[[package]]
name = "pyyaml"
version = "6.0.3"
source = { registry = "https://pypi.org/simple" }
sdist = { url = "https://files.pythonhosted.org/packages/86/2e/957b14542b1b6fcaaa9f5bd2027b47804eec0479ef1736739b9f7cc591ca/pyyaml-6.0.3.tar.gz", hash = "sha256:13095f5cba5c6fde5161e4c06b486276e75a43e888858474fa74fe55216baf59" }
wheels = [
    { url = "https://files.pythonhosted.org/packages/85/3a/4ce51ea6e9e34d310e383aa01d2565de2d89b973fd09d59686688582bbf1/pyyaml-6.0.3-cp311-cp311-macosx_10_9_x86_64.whl", hash = "sha256:c34cc6b02b96cfa3b333a476572dd1e53c80323d54814fd8be4e01dd6c6d9684" },
    { url = "https://files.pythonhosted.org/packages/59/c1/22cfbefa295224cf46e129f7bf82e82af3fb047b5df7cac41832058c6dfe/pyyaml-6.0.3-cp311-cp311-macosx_11_0_arm64.whl", hash = "sha256:5d17dd5f5b273975fd461f762b7cfa8751f7e8d62d62f8d2b0ba8bda5554b211" },
    { url = "https://files.pythonhosted.org/packages/52/db/3f123ed032e977bcb00280a3fa0f9120f25117451d4911f5c2b7299f44f6/pyyaml-6.0.3-cp311-cp311-manylinux_2_17_aarch64.manylinux2014_aarch64.whl", hash = "sha256:ae1b56bd07baa010c26bea032127abda114096f54cbbfed5131c2f73fd9c69c7" },
    { url = "https://files.pythonhosted.org/packages/2c/0b/8bb6a346256c1403c1aed6d0c8e90db0851e1eea558466ed0745b271d869/pyyaml-6.0.3-cp311-cp311-manylinux_2_17_x86_64.manylinux2014_x86_64.whl", hash = "sha256:e7b7aac85545f16bc79d2da6305feefcb8800e3cd39a4faffb9d0c334559f284" },
    { url = "https://files.pythonhosted.org/packages/0a/da/e96372c93d1ce86c1227d86280ddc7411522c69b4e0d8330761e7f2c8df2/pyyaml-6.0.3-cp311-cp311-win_amd64.whl", hash = "sha256:a3e2de2b341b2aef4c1e0c4bde5054043a002a0dfee5da6fed073673e8582937" },
]

[[package]]
name = "rsa"
version = "4.9.1"
source = { registry = "https://pypi.org/simple" }
dependencies = [
    { name = "pyasn1" },
]
sdist = { url = "https://files.pythonhosted.org/packages/ef/ea/03f6f7bccb8ffaeb04f0c0f0a740ef6a5c8b622bf503a9a174ff8b7436eb/rsa-4.9.1.tar.gz", hash = "sha256:2848b553572c44cc008a482082b8292ea47ac8efaa9c2e28100ed67adff28d78" }
wheels = [
    { url = "https://files.pythonhosted.org/packages/db/44/e27b7657dd42320508ae43c318d78adc48eb1c350e7aad860f358d9edc42/rsa-4.9.1-py3-none-any.whl", hash = "sha256:edf96d9145dd751f4e4b9683cdd41b91d08fdd16cc6cafccb26cf27af0832583" },
]

[[package]]
name = "six"
version = "1.17.0"
source = { registry = "https://pypi.org/simple" }
sdist = { url = "https://files.pythonhosted.org/packages/7b/64/ab7b79e12ce142bf5e70a9b8957d00b6175f98a0ee4b10cd147e8f662195/six-1.17.0.tar.gz", hash = "sha256:045f57de3a6b0b162b51c6079b1cfe12bf808b3ded416127c92ae17d05f63f65" }
wheels = [
    { url = "https://files.pythonhosted.org/packages/4e/84/1c8f17b1bad5c2d4c84c4e98766fcd1658631552dd7ffcbf0c6bc5b8c3bf/six-1.17.0-py2.py3-none-any.whl", hash = "sha256:0cd3fefeaf19465321841d8d41d918522ae8e757bcfadc80f04c997286c01082" },
]

[[package]]
name = "sniffio"
version = "1.4.0"
source = { registry = "https://pypi.org/simple" }
sdist = { url = "https://files.pythonhosted.org/packages/cd/38/5cac94eff4b024a7eb0f70894bc5d7084214b8ccf2a1f2d7a93bcc2c1aa8/sniffio-1.4.0.tar.gz", hash = "sha256:67fef98556b428d1b4c1a6725a985fd953bc635dde3aceab86aff6f1c7a3b81e" }
wheels = [
    { url = "https://files.pythonhosted.org/packages/9b/d1/76f14da943be7db297b655eed704a19b3c11c1aa03971a1c0754b282b64c/sniffio-1.4.0-py3-none-any.whl", hash = "sha256:fe35c931b0b2271c401c4420e2079b4ff3913b509879fb1425f376b1c8190a7f" },
]

[[package]]
name = "sqlalchemy"
version = "2.0.51"
source = { registry = "https://pypi.org/simple" }
dependencies = [
    { name = "greenlet" },
    { name = "typing-extensions" },
]
sdist = { url = "https://files.pythonhosted.org/packages/f3/dc/1707481f3221640cbdd4b74bfe1a42f0566c42b8dbf03626e19971d1aa03/SQLAlchemy-2.0.51.tar.gz", hash = "sha256:2cb4e77c558c1c88dfa66f3e1b0b276a550b2295ee6fde1e9ac04d776ff6ed0b" }
wheels = [
    { url = "https://files.pythonhosted.org/packages/99/5f/7e80fbbe35662126f22c85e3de92692e1aa95657252a6faa5a96d654bc1b/sqlalchemy-2.0.51-cp311-cp311-macosx_10_9_x86_64.whl", hash = "sha256:ea44c74aa1626fa21c34f44e8e458b71cb2f3f78c56315badc768fcce3fe74d5" },
    { url = "https://files.pythonhosted.org/packages/d4/f9/c5165ed1acb8b1c8782cfce8e2cacd3fae0d3bb45196ffefc369cbdd8f17/sqlalchemy-2.0.51-cp311-cp311-macosx_11_0_arm64.whl", hash = "sha256:9d7ecc45e9b33ec9859abb117b6eaa8f2453949d6fe0d457150bc8c0560f59bb" },
    { url = "https://files.pythonhosted.org/packages/5d/da/6456c7b3882deec62379403b91a2b6c69f159c9e749536e7947dbb13c385/sqlalchemy-2.0.51-cp311-cp311-manylinux_2_17_aarch64.manylinux2014_aarch64.whl", hash = "sha256:550e153e9e13fe3b1e17b11f8fbaa36c2a96c52e75bf82ed78241fad2dc6b5e3" },
    { url = "https://files.pythonhosted.org/packages/fa/c0/fbd5181372539001c3b934f8e0790eb5de663aabcf53ce44916c9ad9be5c/sqlalchemy-2.0.51-cp311-cp311-manylinux_2_17_x86_64.manylinux2014_x86_64.whl", hash = "sha256:004eaa994e45cc13adad391c97e797690d2f619367fdb8d1df2015480a5e7b37" },
    { url = "https://files.pythonhosted.org/packages/85/39/0fc827109f388cc11ad1784f53c4ad42e9642f5728a68920529b116b5c6d/sqlalchemy-2.0.51-cp311-cp311-win_amd64.whl", hash = "sha256:41acb4f34aa3ce78a573edfd1f3422ae2813cd40a105ef15467177eef4055d76" },
]

[[package]]
name = "starlette"
version = "1.3.1"
source = { registry = "https://pypi.org/simple" }
dependencies = [
    { name = "anyio" },
    { name = "typing-extensions" },
]
sdist = { url = "https://files.pythonhosted.org/packages/d5/b2/64f338a2d038d8feae7595b308227338f0c8796182ce3cbb4a2f7ef2c390/starlette-1.3.1.tar.gz", hash = "sha256:0091df0e95c9d023bd10bce20534e1fbbf3f7cf49fdbb8b15509f6f1576ea59d" }
wheels = [
    { url = "https://files.pythonhosted.org/packages/8c/2e/d013d20749bb1d588c7f35306fd9c21171accecda77df9e852ab74ffeb4f/starlette-1.3.1-py3-none-any.whl", hash = "sha256:16a15ab7b5e22aec5ec608fb7bde7fd7e900800844faa0a80fd8c5c15fd0500e" },
]

[[package]]
name = "typing-extensions"
version = "4.16.0"
source = { registry = "https://pypi.org/simple" }
sdist = { url = "https://files.pythonhosted.org/packages/00/7f/14997e08520c78d5d1c92ba53c9e6d39bea930b8faf014b32c7f25724431/typing_extensions-4.16.0.tar.gz", hash = "sha256:70f5086b7dba15820d97e2482a2ee2193ec4cb12178ec2b934607e63783018ea" }
wheels = [
    { url = "https://files.pythonhosted.org/packages/fb/41/d26fe9ec9f370ca2e199518345d54c4f873ec4aa708c34bd932b68ed077c/typing_extensions-4.16.0-py3-none-any.whl", hash = "sha256:343b83d31a97da7f0e7de69d98a66c7c44fcd652325311866953707a77fa94e6" },
]

[[package]]
name = "typing-inspection"
version = "0.4.2"
source = { registry = "https://pypi.org/simple" }
dependencies = [
    { name = "typing-extensions" },
]
sdist = { url = "https://files.pythonhosted.org/packages/4d/26/a6fe7b2cb1adc09cc7cc92a79ddc605975cddc5997a1a86f1716a0665b69/typing_inspection-0.4.2.tar.gz", hash = "sha256:0f13a820a1cd1c7fec87e9e450631d6455180b600c508b582dcb251973dd3571" }
wheels = [
    { url = "https://files.pythonhosted.org/packages/cc/99/6bbcd082d7cb0e0d5c21c438fe155da94f01aeedaf3faaff50cb17c552ab/typing_inspection-0.4.2-py3-none-any.whl", hash = "sha256:ec66cd6ef101d8a84af295da064b7b96e3b18519d6b3effb24114816f7b1607a" },
]

[[package]]
name = "tzlocal"
version = "5.4.4"
source = { registry = "https://pypi.org/simple" }
dependencies = [
    { name = "typing-extensions" },
]
sdist = { url = "https://files.pythonhosted.org/packages/f1/5a/4b44b0dd72b67601f6e1bd01b3d8b923b9fa72b93c71ab02656b316cc71c/tzlocal-5.4.4.tar.gz", hash = "sha256:89f3b0edc5984db9babec39c39c68aed2357ab63a14c188259b79c3a5c34d02a" }
wheels = [
    { url = "https://files.pythonhosted.org/packages/5b/50/12d4f5ea85b970fa66e46ba30bb6067a63187d1916be4f0d4621f5a84679/tzlocal-5.4.4-py3-none-any.whl", hash = "sha256:5dd5d0151be43dcd05e62294effae3f8d896f62e2c90533dcd9d23b2c7afd890" },
]

[[package]]
name = "uvicorn"
version = "0.51.0"
source = { registry = "https://pypi.org/simple" }
dependencies = [
    { name = "click" },
    { name = "h11" },
    { name = "httptools", optional = true, marker = "extra == 'standard'" },
    { name = "python-dotenv", optional = true, marker = "extra == 'standard'" },
    { name = "uvloop", optional = true, marker = "extra == 'standard'" },
    { name = "watchfiles", optional = true, marker = "extra == 'standard'" },
    { name = "websockets", optional = true, marker = "extra == 'standard'" },
]
sdist = { url = "https://files.pythonhosted.org/packages/91/4a/24520a7101d5e397f2f736358692c76a0312fcfb1fd88ab01dd6dae70c45/uvicorn-0.51.0.tar.gz", hash = "sha256:82e62a0c8d5e7e9d4d3ea12558c31546ed789b58ae1a2c0100253630131e6304" }
wheels = [
    { url = "https://files.pythonhosted.org/packages/3e/73/b3a3a4ab5d55a1f3158b55a0753d345b6b041b9d0fe7720b61fd70b9fc74/uvicorn-0.51.0-py3-none-any.whl", hash = "sha256:6f252b0a152c26f0a8a42a418ec7e3658843e7056ea2160674cf4960482467f2" },
]

[[package]]
name = "uvloop"
version = "0.22.1"
source = { registry = "https://pypi.org/simple" }
sdist = { url = "https://files.pythonhosted.org/packages/3b/64/8b1f5ac0fbf916542962c104ded42a8caf16d98789315c1a60970ae80a11/uvloop-0.22.1.tar.gz", hash = "sha256:ec0588dc78b95d2d7921325421c5adc45fc18653814d51467398d1c41bdfc623" }
wheels = [
    { url = "https://files.pythonhosted.org/packages/4d/09/7f00f6ce24921d4023fa76db9ca84a17a55e435d2f8580831bfb94df4f9f/uvloop-0.22.1-cp311-cp311-macosx_10_9_x86_64.whl", hash = "sha256:5eb1bde119103b8171cd57f3cbef7e7ad93a277ccaa71c5133b8ee56f2817d3f" },
    { url = "https://files.pythonhosted.org/packages/0f/25/4f2d6ac2b7a8c8cb185613d237449bcef9d47fe94eb7325d1b93137a80c4/uvloop-0.22.1-cp311-cp311-macosx_11_0_arm64.whl", hash = "sha256:fb1352796f83086b7c69c2f0f6057934bdf2e12dd955a574fa814269317c7081" },
    { url = "https://files.pythonhosted.org/packages/b2/97/942cec96cae7db2e39c5ac6a1fa9cde9b131f3184b79ac2ce3a7c5594cbc/uvloop-0.22.1-cp311-cp311-manylinux_2_17_aarch64.manylinux2014_aarch64.whl", hash = "sha256:7843941d884e2b63dceb8a758c8a1b421a7657077dc56b96a5d0c720e05c7c17" },
    { url = "https://files.pythonhosted.org/packages/7f/b9/8f2d2b3c2158c913bcd6e4d474fd8829a5663bdfcee535b9930b680c7d39/uvloop-0.22.1-cp311-cp311-manylinux_2_17_x86_64.manylinux2014_x86_64.whl", hash = "sha256:13c1f8b37a1a98153bce403fa772c94867f16949c4559b0ecc2c2c60a53f3f07" },
    { url = "https://files.pythonhosted.org/packages/68/5f/98905f1e58aeb75448ac2ca12a6ac2d18755b5e14bdd0943915bdeedb65f/uvloop-0.22.1-cp311-cp311-win_amd64.whl", hash = "sha256:602d888a20df68aa91f0b8945b1c211c39be43fba3f27cc86e5dd69aa1e9f9c1" },
]

[[package]]
name = "watchfiles"
version = "1.2.0"
source = { registry = "https://pypi.org/simple" }
dependencies = [
    { name = "anyio" },
]
sdist = { url = "https://files.pythonhosted.org/packages/38/48/4c04ae7e03efd5d0dbe22ca57ac0c9ff6bdb43acb6c46205b5ac98095534/watchfiles-1.2.0.tar.gz", hash = "sha256:9793ed30d7b4d3e5319cb88ddb7d10359585a4f2f798dd80cd13dfb3054bad92" }
wheels = [
    { url = "https://files.pythonhosted.org/packages/83/f9/6cb49ac33094fa72f7e828d6b910d8e0b3dc87c730f2abc2ced1adc9a485/watchfiles-1.2.0-cp311-cp311-macosx_10_9_x86_64.whl", hash = "sha256:55a847d225393f8c02e561430b70f9cec580f065ce40f1460204b8085d77cbd7" },
    { url = "https://files.pythonhosted.org/packages/c1/f9/a9497c5cc125a2ad702702ea273ec1431691246d9a00d0de11dd6d7c1a50/watchfiles-1.2.0-cp311-cp311-macosx_11_0_arm64.whl", hash = "sha256:df48f44d8fa82e4b50ec39e9b4a10795671be745cf38134b552aad526eb50b30" },
    { url = "https://files.pythonhosted.org/packages/b4/e6/ff4b415ff113605fa06c5dd61856424e33132262b37947b4c56e12aab571/watchfiles-1.2.0-cp311-cp311-manylinux_2_17_aarch64.manylinux2014_aarch64.whl", hash = "sha256:67784286c47987073c82773f8fdc71662a9005a241cb04b8e0f705cb4ab7c9fc" },
    { url = "https://files.pythonhosted.org/packages/8d/44/ffd9a1f33c907c4433f16b62a728ff2801ac35468a1bafc45b1ec3618dd3/watchfiles-1.2.0-cp311-cp311-manylinux_2_17_x86_64.manylinux2014_x86_64.whl", hash = "sha256:a0476bb6fa4181cf600c6af46c0d2bccae08a957ed1263816505f8cc1571fc3f" },
    { url = "https://files.pythonhosted.org/packages/5a/53/1ff11a877f0786a8a67df1a33bb191ae60a6db5f9c63eb5f455519aa666c/watchfiles-1.2.0-cp311-cp311-win_amd64.whl", hash = "sha256:54a1790a80f1d79cc1d362d31be92dc2983c4171874421f9b9a05be511a0ff1b" },
]

[[package]]
name = "websockets"
version = "16.1.1"
source = { registry = "https://pypi.org/simple" }
sdist = { url = "https://files.pythonhosted.org/packages/90/ab/5f51bd110b2da14dc77f5dfb18d37529314110f85b00b9b44ec9f33e162a/websockets-16.1.1.tar.gz", hash = "sha256:2894d6abf10a167fe7ea37f31af0210372957d905d9297a2738d1ade1911110f" }
wheels = [
    { url = "https://files.pythonhosted.org/packages/9f/5b/f77c83b8e1f5438c6864c0d1d09e441c15b0196537dca12c7da632dede6b/websockets-16.1.1-cp311-cp311-macosx_10_9_x86_64.whl", hash = "sha256:72216b9d5b4c8c10609485a7ab9f5ba1c42a500a59513975abf9d86a8cc5bc03" },
    { url = "https://files.pythonhosted.org/packages/fe/95/d5736c34b181db8808781ddb599ecb2ff431f5f669eb28bce3759fa79dd2/websockets-16.1.1-cp311-cp311-macosx_11_0_arm64.whl", hash = "sha256:33ac55004d751c90369347b5ffe72cfbbec1c4bb0c99db3c577aa898933fe1e8" },
    { url = "https://files.pythonhosted.org/packages/03/bc/876fe8f57ba03c1cb95157cf10055f2174285a22b61c17d2d27e25a86e93/websockets-16.1.1-cp311-cp311-manylinux_2_17_aarch64.manylinux2014_aarch64.whl", hash = "sha256:28c375912a46ee02edf41c4565ff5c84b769d2134623a3d81d5789a920c64d6a" },
    { url = "https://files.pythonhosted.org/packages/df/1f/a33d8887aa6dacf7597a174a806cef51de70ca18694501b12a955e9b4e27/websockets-16.1.1-cp311-cp311-manylinux_2_17_x86_64.manylinux2014_x86_64.whl", hash = "sha256:9fa5d843b88e5bcf848eb8615cc6efded807170d4ba41a40f52bda9ac23a75be" },
    { url = "https://files.pythonhosted.org/packages/a4/72/f3deeb202eb645a39f559ae5d578ac822e1b945cf9ecbf3fa5b8003a81a0/websockets-16.1.1-cp311-cp311-win_amd64.whl", hash = "sha256:3ab903bcffca9691cb4a71ff2a04da1a7f436f84c6b15c4ee58fec9559690a8d" },
]
